
Microsoft Visual Studio Solution File, Format Version 12.00
# Visual Studio Version 17
VisualStudioVersion = 17.4.33122.133
MinimumVisualStudioVersion = 10.0.40219.1
Project("{9A19103F-16F7-4668-BE54-9A1E7A4F7556}") = "ImportManager", "BulkImporter\ImportManager.csproj", "{F944314B-3F11-47C8-B80E-FA81DB662210}"
EndProject
Project("{9A19103F-16F7-4668-BE54-9A1E7A4F7556}") = "ImportConsole", "ImportConsole\ImportConsole.csproj", "{485C8001-7A87-4958-97DB-0CE51ACB03A8}"
EndProject
Global
	GlobalSection(SolutionConfigurationPlatforms) = preSolution
		Debug|Any CPU = Debug|Any CPU
		Release|Any CPU = Release|Any CPU
	EndGlobalSection
	GlobalSection(ProjectConfigurationPlatforms) = postSolution
		{F944314B-3F11-47C8-B80E-FA81DB662210}.Debug|Any CPU.ActiveCfg = Debug|Any CPU
		{F944314B-3F11-47C8-B80E-FA81DB662210}.Debug|Any CPU.Build.0 = Debug|Any CPU
		{F944314B-3F11-47C8-B80E-FA81DB662210}.Release|Any CPU.ActiveCfg = Release|Any CPU
		{F944314B-3F11-47C8-B80E-FA81DB662210}.Release|Any CPU.Build.0 = Release|Any CPU
		{485C8001-7A87-4958-97DB-0CE51ACB03A8}.Debug|Any CPU.ActiveCfg = Debug|Any CPU
		{485C8001-7A87-4958-97DB-0CE51ACB03A8}.Debug|Any CPU.Build.0 = Debug|Any CPU
		{485C8001-7A87-4958-97DB-0CE51ACB03A8}.Release|Any CPU.ActiveCfg = Release|Any CPU
		{485C8001-7A87-4958-97DB-0CE51ACB03A8}.Release|Any CPU.Build.0 = Release|Any CPU
	EndGlobalSection
	GlobalSection(SolutionProperties) = preSolution
		HideSolutionNode = FALSE
	EndGlobalSection
	GlobalSection(ExtensibilityGlobals) = postSolution
		SolutionGuid = {AE1E27D9-83C6-4BBF-882E-000BBB796E54}
	EndGlobalSection
EndGlobal
